# THIS IS AN AUTOGENERATED FILE. DO NOT EDIT THIS FILE DIRECTLY.
# yarn lockfile v1


"@types/mocha@^8.2.0":
  version "8.2.0"
  resolved "https://registry.yarnpkg.com/@types/mocha/-/mocha-8.2.0.tgz#3eb56d13a1de1d347ecb1957c6860c911704bc44"
  integrity sha512-/Sge3BymXo4lKc31C8OINJgXLaw+7vL1/L1pGiBNpGrBiT8FQiaFpSYV0uhTaG4y78vcMBTMFsWaHDvuD+xGzQ==

"@types/node@^12.19.9":
  version "12.19.9"
  resolved "https://registry.yarnpkg.com/@types/node/-/node-12.19.9.tgz#990ad687ad8b26ef6dcc34a4f69c33d40c95b679"
  integrity sha512-yj0DOaQeUrk3nJ0bd3Y5PeDRJ6W0r+kilosLA+dzF3dola/o9hxhMSg2sFvVcA2UHS5JSOsZp4S0c1OEXc4m1Q==

vscode-css-languageservice@5.1.13:
  version "5.1.13"
  resolved "https://registry.yarnpkg.com/vscode-css-languageservice/-/vscode-css-languageservice-5.1.13.tgz#debc7c8368223b211a734cb7eb7789c586d3e2d9"
  integrity sha512-FA0foqMzMmEoO0WJP+MjoD4dRERhKS+Ag+yBrtmWQDmw2OuZ1R/5FkvI/XdTkCpHmTD9VMczugpHRejQyTXCNQ==
  dependencies:
    vscode-languageserver-textdocument "^1.0.1"
    vscode-languageserver-types "^3.16.0"
    vscode-nls "^5.0.0"
    vscode-uri "^3.0.2"

vscode-jsonrpc@8.0.2:
  version "8.0.2"
  resolved "https://registry.yarnpkg.com/vscode-jsonrpc/-/vscode-jsonrpc-8.0.2.tgz#f239ed2cd6004021b6550af9fd9d3e47eee3cac9"
  integrity sha512-RY7HwI/ydoC1Wwg4gJ3y6LpU9FJRZAUnTYMXthqhFXXu77ErDd/xkREpGuk4MyYkk4a+XDWAMqe0S3KkelYQEQ==

vscode-languageserver-protocol@3.17.2:
  version "3.17.2"
  resolved "https://registry.yarnpkg.com/vscode-languageserver-protocol/-/vscode-languageserver-protocol-3.17.2.tgz#beaa46aea06ed061576586c5e11368a9afc1d378"
  integrity sha512-8kYisQ3z/SQ2kyjlNeQxbkkTNmVFoQCqkmGrzLH6A9ecPlgTbp3wDTnUNqaUxYr4vlAcloxx8zwy7G5WdguYNg==
  dependencies:
    vscode-jsonrpc "8.0.2"
    vscode-languageserver-types "3.17.2"

vscode-languageserver-textdocument@^1.0.1:
  version "1.0.1"
  resolved "https://registry.yarnpkg.com/vscode-languageserver-textdocument/-/vscode-languageserver-textdocument-1.0.1.tgz#178168e87efad6171b372add1dea34f53e5d330f"
  integrity sha512-UIcJDjX7IFkck7cSkNNyzIz5FyvpQfY7sdzVy+wkKN/BLaD4DQ0ppXQrKePomCxTS7RrolK1I0pey0bG9eh8dA==

vscode-languageserver-types@3.17.2:
  version "3.17.2"
  resolved "https://registry.yarnpkg.com/vscode-languageserver-types/-/vscode-languageserver-types-3.17.2.tgz#b2c2e7de405ad3d73a883e91989b850170ffc4f2"
  integrity sha512-zHhCWatviizPIq9B7Vh9uvrH6x3sK8itC84HkamnBWoDFJtzBf7SWlpLCZUit72b3os45h6RWQNC9xHRDF8dRA==

vscode-languageserver-types@^3.16.0:
  version "3.16.0"
  resolved "https://registry.yarnpkg.com/vscode-languageserver-types/-/vscode-languageserver-types-3.16.0.tgz#ecf393fc121ec6974b2da3efb3155644c514e247"
  integrity sha512-k8luDIWJWyenLc5ToFQQMaSrqCHiLwyKPHKPQZ5zz21vM+vIVUSvsRpcbiECH4WR88K2XZqc4ScRcZ7nk/jbeA==

vscode-languageserver@8.0.2:
  version "8.0.2"
  resolved "https://registry.yarnpkg.com/vscode-languageserver/-/vscode-languageserver-8.0.2.tgz#cfe2f0996d9dfd40d3854e786b2821604dfec06d"
  integrity sha512-bpEt2ggPxKzsAOZlXmCJ50bV7VrxwCS5BI4+egUmure/oI/t4OlFzi/YNtVvY24A2UDOZAgwFGgnZPwqSJubkA==
  dependencies:
    vscode-languageserver-protocol "3.17.2"

vscode-nls@^5.0.0:
  version "5.0.0"
  resolved "https://registry.yarnpkg.com/vscode-nls/-/vscode-nls-5.0.0.tgz#99f0da0bd9ea7cda44e565a74c54b1f2bc257840"
  integrity sha512-u0Lw+IYlgbEJFF6/qAqG2d1jQmJl0eyAGJHoAJqr2HT4M2BNuQYSEiSE75f52pXHSJm8AlTjnLLbBFPrdz2hpA==

vscode-uri@3.0.2, vscode-uri@^3.0.2:
  version "3.0.2"
  resolved "https://registry.yarnpkg.com/vscode-uri/-/vscode-uri-3.0.2.tgz#ecfd1d066cb8ef4c3a208decdbab9a8c23d055d0"
  integrity sha512-jkjy6pjU1fxUvI51P+gCsxg1u2n8LSt0W6KrCNQceaziKzff74GoWmjVG46KieVzybO1sttPQmYfrwSHey7GUA==
