# THIS IS AN AUTOGENERATED FILE. DO NOT EDIT THIS FILE DIRECTLY.
# yarn lockfile v1


"@types/mocha@^8.2.0":
  version "8.2.0"
  resolved "https://registry.yarnpkg.com/@types/mocha/-/mocha-8.2.0.tgz#3eb56d13a1de1d347ecb1957c6860c911704bc44"
  integrity sha512-/Sge3BymXo4lKc31C8OINJgXLaw+7vL1/L1pGiBNpGrBiT8FQiaFpSYV0uhTaG4y78vcMBTMFsWaHDvuD+xGzQ==

"@types/node@12.20.55":
  version "12.20.55"
  resolved "https://registry.yarnpkg.com/@types/node/-/node-12.20.55.tgz#c329cbd434c42164f846b909bd6f85b5537f6240"
  integrity sha512-J8xLz7q2OFulZ2cyGTLE1TbbZcjpno7FaN6zdJNrgAdrJ+DZzh/uFR6YrTb4C+nXakvud8Q4+rbhoIWlYQbUFQ==

vscode-css-languageservice@6.0.1:
  version "6.0.1"
  resolved "https://registry.yarnpkg.com/vscode-css-languageservice/-/vscode-css-languageservice-6.0.1.tgz#ccf94944e094dcc5833d1b4ac276994b698e9283"
  integrity sha512-81n/eeYuJwQdvpoy6IK1258PtPbO720fl13FcJ5YQECPyHMFkmld1qKHwPJkyLbLPfboqJPM53ys4xW8v+iBVw==
  dependencies:
    vscode-languageserver-textdocument "^1.0.4"
    vscode-languageserver-types "^3.17.1"
    vscode-nls "^5.0.1"
    vscode-uri "^3.0.3"

vscode-jsonrpc@8.0.2:
  version "8.0.2"
  resolved "https://registry.yarnpkg.com/vscode-jsonrpc/-/vscode-jsonrpc-8.0.2.tgz#f239ed2cd6004021b6550af9fd9d3e47eee3cac9"
  integrity sha512-RY7HwI/ydoC1Wwg4gJ3y6LpU9FJRZAUnTYMXthqhFXXu77ErDd/xkREpGuk4MyYkk4a+XDWAMqe0S3KkelYQEQ==

vscode-languageserver-protocol@3.17.2:
  version "3.17.2"
  resolved "https://registry.yarnpkg.com/vscode-languageserver-protocol/-/vscode-languageserver-protocol-3.17.2.tgz#beaa46aea06ed061576586c5e11368a9afc1d378"
  integrity sha512-8kYisQ3z/SQ2kyjlNeQxbkkTNmVFoQCqkmGrzLH6A9ecPlgTbp3wDTnUNqaUxYr4vlAcloxx8zwy7G5WdguYNg==
  dependencies:
    vscode-jsonrpc "8.0.2"
    vscode-languageserver-types "3.17.2"

vscode-languageserver-textdocument@^1.0.4:
  version "1.0.5"
  resolved "https://registry.yarnpkg.com/vscode-languageserver-textdocument/-/vscode-languageserver-textdocument-1.0.5.tgz#838769940ece626176ec5d5a2aa2d0aa69f5095c"
  integrity sha512-1ah7zyQjKBudnMiHbZmxz5bYNM9KKZYz+5VQLj+yr8l+9w3g+WAhCkUkWbhMEdC5u0ub4Ndiye/fDyS8ghIKQg==

vscode-languageserver-types@3.17.2, vscode-languageserver-types@^3.17.1:
  version "3.17.2"
  resolved "https://registry.yarnpkg.com/vscode-languageserver-types/-/vscode-languageserver-types-3.17.2.tgz#b2c2e7de405ad3d73a883e91989b850170ffc4f2"
  integrity sha512-zHhCWatviizPIq9B7Vh9uvrH6x3sK8itC84HkamnBWoDFJtzBf7SWlpLCZUit72b3os45h6RWQNC9xHRDF8dRA==

vscode-languageserver@8.0.2:
  version "8.0.2"
  resolved "https://registry.yarnpkg.com/vscode-languageserver/-/vscode-languageserver-8.0.2.tgz#cfe2f0996d9dfd40d3854e786b2821604dfec06d"
  integrity sha512-bpEt2ggPxKzsAOZlXmCJ50bV7VrxwCS5BI4+egUmure/oI/t4OlFzi/YNtVvY24A2UDOZAgwFGgnZPwqSJubkA==
  dependencies:
    vscode-languageserver-protocol "3.17.2"

vscode-nls@^5.0.1:
  version "5.0.1"
  resolved "https://registry.yarnpkg.com/vscode-nls/-/vscode-nls-5.0.1.tgz#ba23fc4d4420d25e7f886c8e83cbdcec47aa48b2"
  integrity sha512-hHQV6iig+M21lTdItKPkJAaWrxALQb/nqpVffakO4knJOh3DrU2SXOMzUzNgo1eADPzu3qSsJY1weCzvR52q9A==

vscode-uri@3.0.6:
  version "3.0.6"
  resolved "https://registry.yarnpkg.com/vscode-uri/-/vscode-uri-3.0.6.tgz#5e6e2e1a4170543af30151b561a41f71db1d6f91"
  integrity sha512-fmL7V1eiDBFRRnu+gfRWTzyPpNIHJTc4mWnFkwBUmO9U3KPgJAmTx7oxi2bl/Rh6HLdU7+4C9wlj0k2E4AdKFQ==

vscode-uri@^3.0.2:
  version "3.0.2"
  resolved "https://registry.yarnpkg.com/vscode-uri/-/vscode-uri-3.0.2.tgz#ecfd1d066cb8ef4c3a208decdbab9a8c23d055d0"
  integrity sha512-jkjy6pjU1fxUvI51P+gCsxg1u2n8LSt0W6KrCNQceaziKzff74GoWmjVG46KieVzybO1sttPQmYfrwSHey7GUA==

vscode-uri@^3.0.3:
  version "3.0.3"
  resolved "https://registry.yarnpkg.com/vscode-uri/-/vscode-uri-3.0.3.tgz#a95c1ce2e6f41b7549f86279d19f47951e4f4d84"
  integrity sha512-EcswR2S8bpR7fD0YPeS7r2xXExrScVMxg4MedACaWHEtx9ftCF/qHG1xGkolzTPcEmjTavCQgbVzHUIdTMzFGA==
