# THIS IS AN AUTOGENERATED FILE. DO NOT EDIT THIS FILE DIRECTLY.
# yarn lockfile v1


"@types/mocha@^8.2.0":
  version "8.2.0"
  resolved "https://registry.yarnpkg.com/@types/mocha/-/mocha-8.2.0.tgz#3eb56d13a1de1d347ecb1957c6860c911704bc44"
  integrity sha512-/Sge3BymXo4lKc31C8OINJgXLaw+7vL1/L1pGiBNpGrBiT8FQiaFpSYV0uhTaG4y78vcMBTMFsWaHDvuD+xGzQ==

"@types/node@12.19.16":
  version "12.19.16"
  resolved "https://registry.yarnpkg.com/@types/node/-/node-12.19.16.tgz#15753af35cbef636182d8d8ca55b37c8583cecb3"
  integrity sha512-7xHmXm/QJ7cbK2laF+YYD7gb5MggHIIQwqyjin3bpEGiSuvScMQ5JZZXPvRipi1MwckTQbJZROMns/JxdnIL1Q==
