# THIS IS AN AUTOGENERATED FILE. DO NOT EDIT THIS FILE DIRECTLY.
# yarn lockfile v1


"@types/node@^12.19.9":
  version "12.19.9"
  resolved "https://registry.yarnpkg.com/@types/node/-/node-12.19.9.tgz#990ad687ad8b26ef6dcc34a4f69c33d40c95b679"
  integrity sha512-yj0DOaQeUrk3nJ0bd3Y5PeDRJ6W0r+kilosLA+dzF3dola/o9hxhMSg2sFvVcA2UHS5JSOsZp4S0c1OEXc4m1Q==

jsonc-parser@2.3.1:
  version "2.3.1"
  resolved "https://registry.yarnpkg.com/jsonc-parser/-/jsonc-parser-2.3.1.tgz#59549150b133f2efacca48fe9ce1ec0659af2342"
  integrity sha512-H8jvkz1O50L3dMZCsLqiuB2tA7muqbSg1AtGEkN0leAqGjsUzDJir3Zwr02BhqdcITPg3ei3mZ+HjMocAknhhg==

vscode-nls@^4.1.1:
  version "4.1.1"
  resolved "https://registry.yarnpkg.com/vscode-nls/-/vscode-nls-4.1.1.tgz#f9916b64e4947b20322defb1e676a495861f133c"
  integrity sha512-4R+2UoUUU/LdnMnFjePxfLqNhBS8lrAFyX7pjb2ud/lqDkrUavFUTcG7wR0HBZFakae0Q6KLBFjMS6W93F403A==
