# THIS IS AN AUTOGENERATED FILE. DO NOT EDIT THIS FILE DIRECTLY.
# yarn lockfile v1


iconv-lite-umd@0.6.10:
  version "0.6.10"
  resolved "https://registry.yarnpkg.com/iconv-lite-umd/-/iconv-lite-umd-0.6.10.tgz#faec47521e095b8e3a7175ae08e1b4ae0359a735"
  integrity sha512-8NtgTa/m1jVq7vdywmD5+SqIlZsB59wtsjaylQuExyCojMq1tHVQxmHjeqVSYwKwnmQbH4mZ1Dxx1eqDkPgaqA==

jschardet@3.0.0:
  version "3.0.0"
  resolved "https://registry.yarnpkg.com/jschardet/-/jschardet-3.0.0.tgz#898d2332e45ebabbdb6bf2feece9feea9a99e882"
  integrity sha512-lJH6tJ77V8Nzd5QWRkFYCLc13a3vADkh3r/Fi8HupZGWk2OVVDfnZP8V/VgQgZ+lzW0kG2UGb5hFgt3V3ndotQ==

tas-client-umd@0.1.6:
  version "0.1.6"
  resolved "https://registry.yarnpkg.com/tas-client-umd/-/tas-client-umd-0.1.6.tgz#a0cf70a68f50d406773457630666224f0eb545a6"
  integrity sha512-eOz5IK4cuNmSZI9QlqlT0FdvgfnnHDB6rjqleFaYAbzYE4RdJzYNiM28zFIXgmOVEgESvfabMFxG8WX5M4z3HA==

vscode-oniguruma@1.6.2:
  version "1.6.2"
  resolved "https://registry.yarnpkg.com/vscode-oniguruma/-/vscode-oniguruma-1.6.2.tgz#aeb9771a2f1dbfc9083c8a7fdd9cccaa3f386607"
  integrity sha512-KH8+KKov5eS/9WhofZR8M8dMHWN2gTxjMsG4jd04YhpbPR91fUj7rYQ2/XjeHCJWbg7X++ApRIU9NUwM2vTvLA==

vscode-textmate@7.0.3:
  version "7.0.3"
  resolved "https://registry.yarnpkg.com/vscode-textmate/-/vscode-textmate-7.0.3.tgz#71e29c3de01b878ab50927791e335d0e035b5240"
  integrity sha512-OkE/mYm1h5ZX9IEKeKR/2zKDt2SzYyIfTEOVFX4QhA+B3BPROvNEmDDXvBThz3qknKO3Cy/VVb8/sx1UlqP/Xw==

xterm-addon-search@0.10.0:
  version "0.10.0"
  resolved "https://registry.yarnpkg.com/xterm-addon-search/-/xterm-addon-search-0.10.0.tgz#b6a5e859c0bfd83ad534233f93376640c0e0c652"
  integrity sha512-l+kjDxNDQbkniU5OUo9BHknxUEPZGM0OFpVpc2sMmrb97S0FKJVJO4wAZPJvSGVJ8ZEG6KuDyzXluvnb08t71Q==

xterm-addon-unicode11@0.4.0:
  version "0.4.0"
  resolved "https://registry.yarnpkg.com/xterm-addon-unicode11/-/xterm-addon-unicode11-0.4.0.tgz#59a4abbb591befb69ca0c5f7c3f9fa9c1c05353e"
  integrity sha512-HkUwR4gc8MKVFy2Ux8zUnjqARYpfl7dJ9na3TwRbAUbF4JlCv707m4Z07WVaDMIRUZsfZ+5LgSi+Ss7PfZqNcw==

xterm-addon-webgl@0.13.0:
  version "0.13.0"
  resolved "https://registry.yarnpkg.com/xterm-addon-webgl/-/xterm-addon-webgl-0.13.0.tgz#b1d42ec454390ad8595aa8c8dde714b98a5eb896"
  integrity sha512-xL4qBQWUHjFR620/8VHCtrTMVQsnZaAtd1IxFoiKPhC63wKp6b+73a45s97lb34yeo57PoqZhE9Jq5pB++ksPQ==

xterm@5.0.0:
  version "5.0.0"
  resolved "https://registry.yarnpkg.com/xterm/-/xterm-5.0.0.tgz#0af50509b33d0dc62fde7a4ec17750b8e453cc5c"
  integrity sha512-tmVsKzZovAYNDIaUinfz+VDclraQpPUnAME+JawosgWRMphInDded/PuY0xmU5dOhyeYZsI0nz5yd8dPYsdLTA==
