# THIS IS AN AUTOGENERATED FILE. DO NOT EDIT THIS FILE DIRECTLY.
# yarn lockfile v1


iconv-lite-umd@0.6.10:
  version "0.6.10"
  resolved "https://registry.yarnpkg.com/iconv-lite-umd/-/iconv-lite-umd-0.6.10.tgz#faec47521e095b8e3a7175ae08e1b4ae0359a735"
  integrity sha512-8NtgTa/m1jVq7vdywmD5+SqIlZsB59wtsjaylQuExyCojMq1tHVQxmHjeqVSYwKwnmQbH4mZ1Dxx1eqDkPgaqA==

jschardet@3.0.0:
  version "3.0.0"
  resolved "https://registry.yarnpkg.com/jschardet/-/jschardet-3.0.0.tgz#898d2332e45ebabbdb6bf2feece9feea9a99e882"
  integrity sha512-lJH6tJ77V8Nzd5QWRkFYCLc13a3vADkh3r/Fi8HupZGWk2OVVDfnZP8V/VgQgZ+lzW0kG2UGb5hFgt3V3ndotQ==

tas-client-umd@0.1.6:
  version "0.1.6"
  resolved "https://registry.yarnpkg.com/tas-client-umd/-/tas-client-umd-0.1.6.tgz#a0cf70a68f50d406773457630666224f0eb545a6"
  integrity sha512-eOz5IK4cuNmSZI9QlqlT0FdvgfnnHDB6rjqleFaYAbzYE4RdJzYNiM28zFIXgmOVEgESvfabMFxG8WX5M4z3HA==

vscode-oniguruma@1.3.1:
  version "1.3.1"
  resolved "https://registry.yarnpkg.com/vscode-oniguruma/-/vscode-oniguruma-1.3.1.tgz#e2383879c3485b19f533ec34efea9d7a2b14be8f"
  integrity sha512-gz6ZBofA7UXafVA+m2Yt2zHKgXC2qedArprIsHAPKByTkwq9l5y/izAGckqxYml7mSbYxTRTfdRwsFq3cwF4LQ==

vscode-textmate@7.0.1:
  version "7.0.1"
  resolved "https://registry.yarnpkg.com/vscode-textmate/-/vscode-textmate-7.0.1.tgz#8118a32b02735dccd14f893b495fa5389ad7de79"
  integrity sha512-zQ5U/nuXAAMsh691FtV0wPz89nSkHbs+IQV8FDk+wew9BlSDhf4UmWGlWJfTR2Ti6xZv87Tj5fENzKf6Qk7aLw==

xterm-addon-search@0.9.0:
  version "0.9.0"
  resolved "https://registry.yarnpkg.com/xterm-addon-search/-/xterm-addon-search-0.9.0.tgz#95278ebb818cfcf882209ae75be96e0bea5d52a5"
  integrity sha512-aoolI8YuHvdGw+Qjg8g2M4kst0v86GtB7WeBm4F0jNXA005/6QbWWy9eCsvnIDLJOFI5JSSrZnD6CaOkvBQYPA==

xterm-addon-unicode11@0.3.0:
  version "0.3.0"
  resolved "https://registry.yarnpkg.com/xterm-addon-unicode11/-/xterm-addon-unicode11-0.3.0.tgz#e4435c3c91a5294a7eb8b79c380acbb28a659463"
  integrity sha512-x5fHDZT2j9tlTlHnzPHt++9uKZ2kJ/lYQOj3L6xJA22xoJsS8UQRw/5YIFg2FUHqEAbV77Z1fZij/9NycMSH/A==

xterm-addon-webgl@0.11.4:
  version "0.11.4"
  resolved "https://registry.yarnpkg.com/xterm-addon-webgl/-/xterm-addon-webgl-0.11.4.tgz#e22f3ec0cafca3d4adcabb89bb7c16efaaf3c8db"
  integrity sha512-/a/VFeftc+etGXQYWaaks977j1P7/wickBXn15zDxZzXYYMT9RN17ztqyIDVLXg9krtg28+icKK6lvgIYghJ0w==

xterm@4.12.0:
  version "4.12.0"
  resolved "https://registry.yarnpkg.com/xterm/-/xterm-4.12.0.tgz#db09b425b4dcae5b96f8cbbaaa93b3bc60997ca9"
  integrity sha512-K5mF/p3txUV18mjiZFlElagoHFpqXrm5OYHeoymeXSu8GG/nMaOO/+NRcNCwfdjzAbdQ5VLF32hEHiWWKKm0bw==
