# THIS IS AN AUTOGENERATED FILE. DO NOT EDIT THIS FILE DIRECTLY.
# yarn lockfile v1


vscode-extension-telemetry@0.4.5:
  version "0.4.5"
  resolved "https://registry.yarnpkg.com/vscode-extension-telemetry/-/vscode-extension-telemetry-0.4.5.tgz#1957d5a8b0cd6ad9a79d4f260fe037fbf98732bb"
  integrity sha512-YhPiPcelqM5xyYWmD46jIcsxLYWkPZhAxlBkzqmpa218fMtTT17ERdOZVCXcs1S5AjvDHlq43yCgi8TaVQjjEg==

vscode-nls@5.2.0:
  version "5.2.0"
  resolved "https://registry.yarnpkg.com/vscode-nls/-/vscode-nls-5.2.0.tgz#3cb6893dd9bd695244d8a024bdf746eea665cc3f"
  integrity sha512-RAaHx7B14ZU04EU31pT+rKz2/zSl7xMsfIZuo8pd+KZO6PXtQmpevpq3vxvWNcrGbdmhM/rr5Uw5Mz+NBfhVng==
