# THIS IS AN AUTOGENERATED FILE. DO NOT EDIT THIS FILE DIRECTLY.
# yarn lockfile v1


"@types/node@12.20.55":
  version "12.20.55"
  resolved "https://registry.yarnpkg.com/@types/node/-/node-12.20.55.tgz#c329cbd434c42164f846b909bd6f85b5537f6240"
  integrity sha512-J8xLz7q2OFulZ2cyGTLE1TbbZcjpno7FaN6zdJNrgAdrJ+DZzh/uFR6YrTb4C+nXakvud8Q4+rbhoIWlYQbUFQ==

vscode-nls@5.0.1:
  version "5.0.1"
  resolved "https://registry.yarnpkg.com/vscode-nls/-/vscode-nls-5.0.1.tgz#ba23fc4d4420d25e7f886c8e83cbdcec47aa48b2"
  integrity sha512-hHQV6iig+M21lTdItKPkJAaWrxALQb/nqpVffakO4knJOh3DrU2SXOMzUzNgo1eADPzu3qSsJY1weCzvR52q9A==
