# THIS IS AN AUTOGENERATED FILE. DO NOT EDIT THIS FILE DIRECTLY.
# yarn lockfile v1


"@octokit/auth-token@^3.0.0":
  version "3.0.0"
  resolved "https://registry.yarnpkg.com/@octokit/auth-token/-/auth-token-3.0.0.tgz#6f22c5fc56445c496628488ba6810131558fa4a9"
  integrity sha512-MDNFUBcJIptB9At7HiV7VCvU3NcL4GnfCQaP8C5lrxWrRPMJBnemYtehaKSOlaM7AYxeRyj9etenu8LVpSpVaQ==
  dependencies:
    "@octokit/types" "^6.0.3"

"@octokit/core@^4.0.0":
  version "4.0.4"
  resolved "https://registry.yarnpkg.com/@octokit/core/-/core-4.0.4.tgz#335d9b377691e3264ce57a9e5a1f6cda783e5838"
  integrity sha512-sUpR/hc4Gc7K34o60bWC7WUH6Q7T6ftZ2dUmepSyJr9PRF76/qqkWjE2SOEzCqLA5W83SaISymwKtxks+96hPQ==
  dependencies:
    "@octokit/auth-token" "^3.0.0"
    "@octokit/graphql" "^5.0.0"
    "@octokit/request" "^6.0.0"
    "@octokit/request-error" "^3.0.0"
    "@octokit/types" "^6.0.3"
    before-after-hook "^2.2.0"
    universal-user-agent "^6.0.0"

"@octokit/endpoint@^7.0.0":
  version "7.0.0"
  resolved "https://registry.yarnpkg.com/@octokit/endpoint/-/endpoint-7.0.0.tgz#be758a1236d68d6bbb505e686dd50881c327a519"
  integrity sha512-Kz/mIkOTjs9rV50hf/JK9pIDl4aGwAtT8pry6Rpy+hVXkAPhXanNQRxMoq6AeRgDCZR6t/A1zKniY2V1YhrzlQ==
  dependencies:
    "@octokit/types" "^6.0.3"
    is-plain-object "^5.0.0"
    universal-user-agent "^6.0.0"

"@octokit/graphql@^5.0.0":
  version "5.0.0"
  resolved "https://registry.yarnpkg.com/@octokit/graphql/-/graphql-5.0.0.tgz#2cc6eb3bf8e0278656df1a7d0ca0d7591599e3b3"
  integrity sha512-1ZZ8tX4lUEcLPvHagfIVu5S2xpHYXAmgN0+95eAOPoaVPzCfUXJtA5vASafcpWcO86ze0Pzn30TAx72aB2aguQ==
  dependencies:
    "@octokit/request" "^6.0.0"
    "@octokit/types" "^6.0.3"
    universal-user-agent "^6.0.0"

"@octokit/openapi-types@^12.10.0":
  version "12.10.1"
  resolved "https://registry.yarnpkg.com/@octokit/openapi-types/-/openapi-types-12.10.1.tgz#57b5cc6c7b4e55d8642c93d06401fb1af4839899"
  integrity sha512-P+SukKanjFY0ZhsK6wSVnQmxTP2eVPPE8OPSNuxaMYtgVzwJZgfGdwlYjf4RlRU4vLEw4ts2fsE2icG4nZ5ddQ==

"@octokit/openapi-types@^12.7.0":
  version "12.8.0"
  resolved "https://registry.yarnpkg.com/@octokit/openapi-types/-/openapi-types-12.8.0.tgz#f4708cf948724d6e8f7d878cfd91584c1c5c0523"
  integrity sha512-ydcKLs2KKcxlhpdWLzJxEBDEk/U5MUeqtqkXlrtAUXXFPs6vLl1PEGghFC/BbpleosB7iXs0Z4P2DGe7ZT5ZNg==

"@octokit/plugin-paginate-rest@^3.0.0":
  version "3.0.0"
  resolved "https://registry.yarnpkg.com/@octokit/plugin-paginate-rest/-/plugin-paginate-rest-3.0.0.tgz#df779de686aeb21b5e776e4318defc33b0418566"
  integrity sha512-fvw0Q5IXnn60D32sKeLIxgXCEZ7BTSAjJd8cFAE6QU5qUp0xo7LjFUjjX1J5D7HgN355CN4EXE4+Q1/96JaNUA==
  dependencies:
    "@octokit/types" "^6.39.0"

"@octokit/plugin-request-log@^1.0.4":
  version "1.0.4"
  resolved "https://registry.yarnpkg.com/@octokit/plugin-request-log/-/plugin-request-log-1.0.4.tgz#5e50ed7083a613816b1e4a28aeec5fb7f1462e85"
  integrity sha512-mLUsMkgP7K/cnFEw07kWqXGF5LKrOkD+lhCrKvPHXWDywAwuDUeDwWBpc69XK3pNX0uKiVt8g5z96PJ6z9xCFA==

"@octokit/plugin-rest-endpoint-methods@^6.0.0":
  version "6.1.2"
  resolved "https://registry.yarnpkg.com/@octokit/plugin-rest-endpoint-methods/-/plugin-rest-endpoint-methods-6.1.2.tgz#bbf55cfc43acf177514441ecd1d26031006f73ed"
  integrity sha512-sAfSKtLHNq0UQ2iFuI41I6m5SK6bnKFRJ5kUjDRVbmQXiRVi4aQiIcgG4cM7bt+bhSiWL4HwnTxDkWFlKeKClA==
  dependencies:
    "@octokit/types" "^6.40.0"
    deprecation "^2.3.1"

"@octokit/request-error@^3.0.0":
  version "3.0.0"
  resolved "https://registry.yarnpkg.com/@octokit/request-error/-/request-error-3.0.0.tgz#f527d178f115a3b62d76ce4804dd5bdbc0270a81"
  integrity sha512-WBtpzm9lR8z4IHIMtOqr6XwfkGvMOOILNLxsWvDwtzm/n7f5AWuqJTXQXdDtOvPfTDrH4TPhEvW2qMlR4JFA2w==
  dependencies:
    "@octokit/types" "^6.0.3"
    deprecation "^2.0.0"
    once "^1.4.0"

"@octokit/request@^6.0.0":
  version "6.2.0"
  resolved "https://registry.yarnpkg.com/@octokit/request/-/request-6.2.0.tgz#9c25606df84e6f2ccbcc2c58e1d35438e20b688b"
  integrity sha512-7IAmHnaezZrgUqtRShMlByJK33MT9ZDnMRgZjnRrRV9a/jzzFwKGz0vxhFU6i7VMLraYcQ1qmcAOin37Kryq+Q==
  dependencies:
    "@octokit/endpoint" "^7.0.0"
    "@octokit/request-error" "^3.0.0"
    "@octokit/types" "^6.16.1"
    is-plain-object "^5.0.0"
    node-fetch "^2.6.7"
    universal-user-agent "^6.0.0"

"@octokit/rest@19.0.3":
  version "19.0.3"
  resolved "https://registry.yarnpkg.com/@octokit/rest/-/rest-19.0.3.tgz#b9a4e8dc8d53e030d611c053153ee6045f080f02"
  integrity sha512-5arkTsnnRT7/sbI4fqgSJ35KiFaN7zQm0uQiQtivNQLI8RQx8EHwJCajcTUwmaCMNDg7tdCvqAnc7uvHHPxrtQ==
  dependencies:
    "@octokit/core" "^4.0.0"
    "@octokit/plugin-paginate-rest" "^3.0.0"
    "@octokit/plugin-request-log" "^1.0.4"
    "@octokit/plugin-rest-endpoint-methods" "^6.0.0"

"@octokit/types@^6.0.3", "@octokit/types@^6.16.1", "@octokit/types@^6.39.0":
  version "6.39.0"
  resolved "https://registry.yarnpkg.com/@octokit/types/-/types-6.39.0.tgz#46ce28ca59a3d4bac0e487015949008302e78eee"
  integrity sha512-Mq4N9sOAYCitTsBtDdRVrBE80lIrMBhL9Jbrw0d+j96BAzlq4V+GLHFJbHokEsVvO/9tQupQdoFdgVYhD2C8UQ==
  dependencies:
    "@octokit/openapi-types" "^12.7.0"

"@octokit/types@^6.40.0":
  version "6.40.0"
  resolved "https://registry.yarnpkg.com/@octokit/types/-/types-6.40.0.tgz#f2e665196d419e19bb4265603cf904a820505d0e"
  integrity sha512-MFZOU5r8SwgJWDMhrLUSvyJPtVsqA6VnbVI3TNbsmw+Jnvrktzvq2fYES/6RiJA/5Ykdwq4mJmtlYUfW7CGjmw==
  dependencies:
    "@octokit/openapi-types" "^12.10.0"

"@types/node@^12.19.9":
  version "12.19.9"
  resolved "https://registry.yarnpkg.com/@types/node/-/node-12.19.9.tgz#990ad687ad8b26ef6dcc34a4f69c33d40c95b679"
  integrity sha512-yj0DOaQeUrk3nJ0bd3Y5PeDRJ6W0r+kilosLA+dzF3dola/o9hxhMSg2sFvVcA2UHS5JSOsZp4S0c1OEXc4m1Q==

before-after-hook@^2.2.0:
  version "2.2.2"
  resolved "https://registry.yarnpkg.com/before-after-hook/-/before-after-hook-2.2.2.tgz#a6e8ca41028d90ee2c24222f201c90956091613e"
  integrity sha512-3pZEU3NT5BFUo/AD5ERPWOgQOCZITni6iavr5AUw5AUwQjMlI0kzu5btnyD39AF0gUEsDPwJT+oY1ORBJijPjQ==

deprecation@^2.0.0, deprecation@^2.3.1:
  version "2.3.1"
  resolved "https://registry.yarnpkg.com/deprecation/-/deprecation-2.3.1.tgz#6368cbdb40abf3373b525ac87e4a260c3a700919"
  integrity sha512-xmHIy4F3scKVwMsQ4WnVaS8bHOx0DmVwRywosKhaILI0ywMDWPtBSku2HNxRvF7jtwDRsoEwYQSfbxj8b7RlJQ==

is-plain-object@^5.0.0:
  version "5.0.0"
  resolved "https://registry.yarnpkg.com/is-plain-object/-/is-plain-object-5.0.0.tgz#4427f50ab3429e9025ea7d52e9043a9ef4159344"
  integrity sha512-VRSzKkbMm5jMDoKLbltAkFQ5Qr7VDiTFGXxYFXXowVj387GeGNOCsOH6Msy00SGZ3Fp84b1Naa1psqgcCIEP5Q==

node-fetch@^2.6.7:
  version "2.6.7"
  resolved "https://registry.yarnpkg.com/node-fetch/-/node-fetch-2.6.7.tgz#24de9fba827e3b4ae44dc8b20256a379160052ad"
  integrity sha512-ZjMPFEfVx5j+y2yF35Kzx5sF7kDzxuDj6ziH4FFbOp87zKDZNx8yExJIb05OGF4Nlt9IHFIMBkRl41VdvcNdbQ==
  dependencies:
    whatwg-url "^5.0.0"

once@^1.4.0:
  version "1.4.0"
  resolved "https://registry.yarnpkg.com/once/-/once-1.4.0.tgz#583b1aa775961d4b113ac17d9c50baef9dd76bd1"
  integrity sha1-WDsap3WWHUsROsF9nFC6753Xa9E=
  dependencies:
    wrappy "1"

tr46@~0.0.3:
  version "0.0.3"
  resolved "https://registry.yarnpkg.com/tr46/-/tr46-0.0.3.tgz#8184fd347dac9cdc185992f3a6622e14b9d9ab6a"
  integrity sha1-gYT9NH2snNwYWZLzpmIuFLnZq2o=

tunnel@^0.0.6:
  version "0.0.6"
  resolved "https://registry.yarnpkg.com/tunnel/-/tunnel-0.0.6.tgz#72f1314b34a5b192db012324df2cc587ca47f92c"
  integrity sha512-1h/Lnq9yajKY2PEbBadPXj3VxsDDu844OnaAo52UVmIzIvwwtBPIuNvkjuzBlTWpfJyUbG3ez0KSBibQkj4ojg==

universal-user-agent@^6.0.0:
  version "6.0.0"
  resolved "https://registry.yarnpkg.com/universal-user-agent/-/universal-user-agent-6.0.0.tgz#3381f8503b251c0d9cd21bc1de939ec9df5480ee"
  integrity sha512-isyNax3wXoKaulPDZWHQqbmIx1k2tb9fb3GGDBRxCscfYV2Ch7WxPArBsFEG8s/safwXTT7H4QGhaIkTp9447w==

vscode-nls@5.0.1:
  version "5.0.1"
  resolved "https://registry.yarnpkg.com/vscode-nls/-/vscode-nls-5.0.1.tgz#ba23fc4d4420d25e7f886c8e83cbdcec47aa48b2"
  integrity sha512-hHQV6iig+M21lTdItKPkJAaWrxALQb/nqpVffakO4knJOh3DrU2SXOMzUzNgo1eADPzu3qSsJY1weCzvR52q9A==

webidl-conversions@^3.0.0:
  version "3.0.1"
  resolved "https://registry.yarnpkg.com/webidl-conversions/-/webidl-conversions-3.0.1.tgz#24534275e2a7bc6be7bc86611cc16ae0a5654871"
  integrity sha1-JFNCdeKnvGvnvIZhHMFq4KVlSHE=

whatwg-url@^5.0.0:
  version "5.0.0"
  resolved "https://registry.yarnpkg.com/whatwg-url/-/whatwg-url-5.0.0.tgz#966454e8765462e37644d3626f6742ce8b70965d"
  integrity sha1-lmRU6HZUYuN2RNNib2dCzotwll0=
  dependencies:
    tr46 "~0.0.3"
    webidl-conversions "^3.0.0"

wrappy@1:
  version "1.0.2"
  resolved "https://registry.yarnpkg.com/wrappy/-/wrappy-1.0.2.tgz#b5243d8f3ec1aa35f1364605bc0d1036e30ab69f"
  integrity sha1-tSQ9jz7BqjXxNkYFvA0QNuMKtp8=
