# THIS IS AN AUTOGENERATED FILE. DO NOT EDIT THIS FILE DIRECTLY.
# yarn lockfile v1


"@types/node@^12.11.7":
  version "12.12.69"
  resolved "https://registry.yarnpkg.com/@types/node/-/node-12.12.69.tgz#7cb6a3aa0d16664bf2dcd1450ccb8477464fbd79"
  integrity sha512-2F2VQRSFmzqgUEXw75L51MgnnZqc6bKWVSUPfrDPzp6mzGGibeVwyQcpvZvBr5RnsoMRHmC8EcBQiobSeqeJxg==

vscode-codicons@0.0.17:
  version "0.0.17"
  resolved "https://registry.yarnpkg.com/vscode-codicons/-/vscode-codicons-0.0.17.tgz#5ab4f2015641adaa1a73136195ba916aebf8764d"
  integrity sha512-Hzclzhz9ouj5sfjDbXE78fciSGwDrlOMimkRIxFNy0pmHoexzLH1+OKTbrlR+Gz17C9ZCfX7Mlpq21jGsyhgSg==

vscode-extension-telemetry@0.4.5:
  version "0.4.5"
  resolved "https://registry.yarnpkg.com/vscode-extension-telemetry/-/vscode-extension-telemetry-0.4.5.tgz#1957d5a8b0cd6ad9a79d4f260fe037fbf98732bb"
  integrity sha512-YhPiPcelqM5xyYWmD46jIcsxLYWkPZhAxlBkzqmpa218fMtTT17ERdOZVCXcs1S5AjvDHlq43yCgi8TaVQjjEg==

vscode-nls@^4.0.0:
  version "4.1.2"
  resolved "https://registry.yarnpkg.com/vscode-nls/-/vscode-nls-4.1.2.tgz#ca8bf8bb82a0987b32801f9fddfdd2fb9fd3c167"
  integrity sha512-7bOHxPsfyuCqmP+hZXscLhiHwe7CSuFE4hyhbs22xPIhQ4jv99FcR4eBzfYYVLP356HNFpdvz63FFb/xw6T4Iw==
